
Microsoft Visual Studio Solution File, Format Version 12.00
# Visual Studio 15
Project("{FAE04EC0-301F-11D3-BF4B-00C04F79EFBC}") = "DesignPattern", "DesignPattern\DesignPattern.csproj", "{FFC90B8E-206D-4AF4-8F61-23DBFB31CA84}"
EndProject
Global
	GlobalSection(SolutionConfigurationPlatforms) = preSolution
		Debug|Any CPU = Debug|Any CPU
		Release|Any CPU = Release|Any CPU
	EndGlobalSection
	GlobalSection(ProjectConfigurationPlatforms) = postSolution
		{FFC90B8E-206D-4AF4-8F61-23DBFB31CA84}.Debug|Any CPU.ActiveCfg = Debug|Any CPU
		{FFC90B8E-206D-4AF4-8F61-23DBFB31CA84}.Debug|Any CPU.Build.0 = Debug|Any CPU
		{FFC90B8E-206D-4AF4-8F61-23DBFB31CA84}.Release|Any CPU.ActiveCfg = Release|Any CPU
		{FFC90B8E-206D-4AF4-8F61-23DBFB31CA84}.Release|Any CPU.Build.0 = Release|Any CPU
	EndGlobalSection
EndGlobal
