
Microsoft Visual Studio Solution File, Format Version 12.00
# Visual Studio 15
Project("{FAE04EC0-301F-11D3-BF4B-00C04F79EFBC}") = "Basics", "Basics\Basics.csproj", "{24CAA6DA-FCFD-4562-8E33-A7DF691E75F5}"
EndProject
Global
	GlobalSection(SolutionConfigurationPlatforms) = preSolution
		Debug|Any CPU = Debug|Any CPU
		Release|Any CPU = Release|Any CPU
	EndGlobalSection
	GlobalSection(ProjectConfigurationPlatforms) = postSolution
		{24CAA6DA-FCFD-4562-8E33-A7DF691E75F5}.Debug|Any CPU.ActiveCfg = Debug|Any CPU
		{24CAA6DA-FCFD-4562-8E33-A7DF691E75F5}.Debug|Any CPU.Build.0 = Debug|Any CPU
		{24CAA6DA-FCFD-4562-8E33-A7DF691E75F5}.Release|Any CPU.ActiveCfg = Release|Any CPU
		{24CAA6DA-FCFD-4562-8E33-A7DF691E75F5}.Release|Any CPU.Build.0 = Release|Any CPU
	EndGlobalSection
EndGlobal
