
Microsoft Visual Studio Solution File, Format Version 12.00
# Visual Studio 15
Project("{FAE04EC0-301F-11D3-BF4B-00C04F79EFBC}") = "EssentialTraining", "UnitTestProject1\EssentialTraining.csproj", "{A0AA7766-5D52-438B-87C7-3862A634BDDC}"
EndProject
Global
	GlobalSection(SolutionConfigurationPlatforms) = preSolution
		Debug|Any CPU = Debug|Any CPU
		Release|Any CPU = Release|Any CPU
	EndGlobalSection
	GlobalSection(ProjectConfigurationPlatforms) = postSolution
		{A0AA7766-5D52-438B-87C7-3862A634BDDC}.Debug|Any CPU.ActiveCfg = Debug|Any CPU
		{A0AA7766-5D52-438B-87C7-3862A634BDDC}.Debug|Any CPU.Build.0 = Debug|Any CPU
		{A0AA7766-5D52-438B-87C7-3862A634BDDC}.Release|Any CPU.ActiveCfg = Release|Any CPU
		{A0AA7766-5D52-438B-87C7-3862A634BDDC}.Release|Any CPU.Build.0 = Release|Any CPU
	EndGlobalSection
EndGlobal
