
Microsoft Visual Studio Solution File, Format Version 12.00
# Visual Studio 15
Project("{FAE04EC0-301F-11D3-BF4B-00C04F79EFBC}") = "WebPage", "WebPage\WebPage.csproj", "{671B84E6-9305-45D5-8951-11B9CA6D1A32}"
EndProject
Global
	GlobalSection(SolutionConfigurationPlatforms) = preSolution
		Debug|Any CPU = Debug|Any CPU
		Release|Any CPU = Release|Any CPU
	EndGlobalSection
	GlobalSection(ProjectConfigurationPlatforms) = postSolution
		{671B84E6-9305-45D5-8951-11B9CA6D1A32}.Debug|Any CPU.ActiveCfg = Debug|Any CPU
		{671B84E6-9305-45D5-8951-11B9CA6D1A32}.Debug|Any CPU.Build.0 = Debug|Any CPU
		{671B84E6-9305-45D5-8951-11B9CA6D1A32}.Release|Any CPU.ActiveCfg = Release|Any CPU
		{671B84E6-9305-45D5-8951-11B9CA6D1A32}.Release|Any CPU.Build.0 = Release|Any CPU
	EndGlobalSection
EndGlobal
